
Microsoft Visual Studio Solution File, Format Version 12.00
# Visual Studio Version 16
VisualStudioVersion = 16.0.31613.86
MinimumVisualStudioVersion = 10.0.40219.1
Project("{FAE04EC0-301F-11D3-BF4B-00C04F79EFBC}") = "ClientProxy-P4-20190140005", "ClientProxy-P4-20190140005\ClientProxy-P4-20190140005.csproj", "{0A4E5732-BD22-411A-A418-5AD8F858358E}"
EndProject
Global
	GlobalSection(SolutionConfigurationPlatforms) = preSolution
		Debug|Any CPU = Debug|Any CPU
		Release|Any CPU = Release|Any CPU
	EndGlobalSection
	GlobalSection(ProjectConfigurationPlatforms) = postSolution
		{0A4E5732-BD22-411A-A418-5AD8F858358E}.Debug|Any CPU.ActiveCfg = Debug|Any CPU
		{0A4E5732-BD22-411A-A418-5AD8F858358E}.Debug|Any CPU.Build.0 = Debug|Any CPU
		{0A4E5732-BD22-411A-A418-5AD8F858358E}.Release|Any CPU.ActiveCfg = Release|Any CPU
		{0A4E5732-BD22-411A-A418-5AD8F858358E}.Release|Any CPU.Build.0 = Release|Any CPU
	EndGlobalSection
	GlobalSection(SolutionProperties) = preSolution
		HideSolutionNode = FALSE
	EndGlobalSection
	GlobalSection(ExtensibilityGlobals) = postSolution
		SolutionGuid = {433A5AB4-C7CA-4123-8744-4FADE9A5941D}
	EndGlobalSection
EndGlobal
